// !$*UTF8*$!
{
	archiveVersion = 1;
	classes = {
	};
	objectVersion = 50;
	objects = {

/* Begin PBXBuildFile section */
		F46A272324F169E800484000 /* AppDelegate.swift in Sources */ = {isa = PBXBuildFile; fileRef = F46A272224F169E800484000 /* AppDelegate.swift */; };
		F46A272524F169E800484000 /* SceneDelegate.swift in Sources */ = {isa = PBXBuildFile; fileRef = F46A272424F169E800484000 /* SceneDelegate.swift */; };
		F46A272724F169E800484000 /* ViewController.swift in Sources */ = {isa = PBXBuildFile; fileRef = F46A272624F169E800484000 /* ViewController.swift */; };
		F46A272A24F169E800484000 /* Main.storyboard in Resources */ = {isa = PBXBuildFile; fileRef = F46A272824F169E800484000 /* Main.storyboard */; };
		F46A272C24F169E800484000 /* ContentView.swift in Sources */ = {isa = PBXBuildFile; fileRef = F46A272B24F169E800484000 /* ContentView.swift */; };
		F46A272E24F169E800484000 /* Assets.xcassets in Resources */ = {isa = PBXBuildFile; fileRef = F46A272D24F169E800484000 /* Assets.xcassets */; };
		F46A273124F169E800484000 /* LaunchScreen.storyboard in Resources */ = {isa = PBXBuildFile; fileRef = F46A272F24F169E800484000 /* LaunchScreen.storyboard */; };
		F46A273C24F169E900484000 /* SolutionPlaygroundTests.swift in Sources */ = {isa = PBXBuildFile; fileRef = F46A273B24F169E900484000 /* SolutionPlaygroundTests.swift */; };
		F46A274724F169E900484000 /* SolutionPlaygroundUITests.swift in Sources */ = {isa = PBXBuildFile; fileRef = F46A274624F169E900484000 /* SolutionPlaygroundUITests.swift */; };
		F46A3AC124F210C200484000 /* AppState.swift in Sources */ = {isa = PBXBuildFile; fileRef = F46A3AC024F210C200484000 /* AppState.swift */; };
		F46A3AC324F210F900484000 /* StateStore.swift in Sources */ = {isa = PBXBuildFile; fileRef = F46A3AC224F210F900484000 /* StateStore.swift */; };
/* End PBXBuildFile section */

/* Begin PBXContainerItemProxy section */
		F46A273824F169E900484000 /* PBXContainerItemProxy */ = {
			isa = PBXContainerItemProxy;
			containerPortal = F46A271724F169E800484000 /* Project object */;
			proxyType = 1;
			remoteGlobalIDString = F46A271E24F169E800484000;
			remoteInfo = SolutionPlayground;
		};
		F46A274324F169E900484000 /* PBXContainerItemProxy */ = {
			isa = PBXContainerItemProxy;
			containerPortal = F46A271724F169E800484000 /* Project object */;
			proxyType = 1;
			remoteGlobalIDString = F46A271E24F169E800484000;
			remoteInfo = SolutionPlayground;
		};
/* End PBXContainerItemProxy section */

/* Begin PBXFileReference section */
		F46A271F24F169E800484000 /* SolutionPlayground.app */ = {isa = PBXFileReference; explicitFileType = wrapper.application; includeInIndex = 0; path = SolutionPlayground.app; sourceTree = BUILT_PRODUCTS_DIR; };
		F46A272224F169E800484000 /* AppDelegate.swift */ = {isa = PBXFileReference; lastKnownFileType = sourcecode.swift; path = AppDelegate.swift; sourceTree = "<group>"; };
		F46A272424F169E800484000 /* SceneDelegate.swift */ = {isa = PBXFileReference; lastKnownFileType = sourcecode.swift; path = SceneDelegate.swift; sourceTree = "<group>"; };
		F46A272624F169E800484000 /* ViewController.swift */ = {isa = PBXFileReference; lastKnownFileType = sourcecode.swift; path = ViewController.swift; sourceTree = "<group>"; };
		F46A272924F169E800484000 /* Base */ = {isa = PBXFileReference; lastKnownFileType = file.storyboard; name = Base; path = Base.lproj/Main.storyboard; sourceTree = "<group>"; };
		F46A272B24F169E800484000 /* ContentView.swift */ = {isa = PBXFileReference; lastKnownFileType = sourcecode.swift; path = ContentView.swift; sourceTree = "<group>"; };
		F46A272D24F169E800484000 /* Assets.xcassets */ = {isa = PBXFileReference; lastKnownFileType = folder.assetcatalog; path = Assets.xcassets; sourceTree = "<group>"; };
		F46A273024F169E800484000 /* Base */ = {isa = PBXFileReference; lastKnownFileType = file.storyboard; name = Base; path = Base.lproj/LaunchScreen.storyboard; sourceTree = "<group>"; };
		F46A273224F169E800484000 /* Info.plist */ = {isa = PBXFileReference; lastKnownFileType = text.plist.xml; path = Info.plist; sourceTree = "<group>"; };
		F46A273724F169E900484000 /* SolutionPlaygroundTests.xctest */ = {isa = PBXFileReference; explicitFileType = wrapper.cfbundle; includeInIndex = 0; path = SolutionPlaygroundTests.xctest; sourceTree = BUILT_PRODUCTS_DIR; };
		F46A273B24F169E900484000 /* SolutionPlaygroundTests.swift */ = {isa = PBXFileReference; lastKnownFileType = sourcecode.swift; path = SolutionPlaygroundTests.swift; sourceTree = "<group>"; };
		F46A273D24F169E900484000 /* Info.plist */ = {isa = PBXFileReference; lastKnownFileType = text.plist.xml; path = Info.plist; sourceTree = "<group>"; };
		F46A274224F169E900484000 /* SolutionPlaygroundUITests.xctest */ = {isa = PBXFileReference; explicitFileType = wrapper.cfbundle; includeInIndex = 0; path = SolutionPlaygroundUITests.xctest; sourceTree = BUILT_PRODUCTS_DIR; };
		F46A274624F169E900484000 /* SolutionPlaygroundUITests.swift */ = {isa = PBXFileReference; lastKnownFileType = sourcecode.swift; path = SolutionPlaygroundUITests.swift; sourceTree = "<group>"; };
		F46A274824F169E900484000 /* Info.plist */ = {isa = PBXFileReference; lastKnownFileType = text.plist.xml; path = Info.plist; sourceTree = "<group>"; };
		F46A3AC024F210C200484000 /* AppState.swift */ = {isa = PBXFileReference; lastKnownFileType = sourcecode.swift; path = AppState.swift; sourceTree = "<group>"; };
		F46A3AC224F210F900484000 /* StateStore.swift */ = {isa = PBXFileReference; lastKnownFileType = sourcecode.swift; path = StateStore.swift; sourceTree = "<group>"; };
/* End PBXFileReference section */

/* Begin PBXFrameworksBuildPhase section */
		F46A271C24F169E800484000 /* Frameworks */ = {
			isa = PBXFrameworksBuildPhase;
			buildActionMask = 2147483647;
			files = (
			);
			runOnlyForDeploymentPostprocessing = 0;
		};
		F46A273424F169E900484000 /* Frameworks */ = {
			isa = PBXFrameworksBuildPhase;
			buildActionMask = 2147483647;
			files = (
			);
			runOnlyForDeploymentPostprocessing = 0;
		};
		F46A273F24F169E900484000 /* Frameworks */ = {
			isa = PBXFrameworksBuildPhase;
			buildActionMask = 2147483647;
			files = (
			);
			runOnlyForDeploymentPostprocessing = 0;
		};
/* End PBXFrameworksBuildPhase section */

/* Begin PBXGroup section */
		F46A271624F169E800484000 = {
			isa = PBXGroup;
			children = (
				F46A272124F169E800484000 /* SolutionPlayground */,
				F46A273A24F169E900484000 /* SolutionPlaygroundTests */,
				F46A274524F169E900484000 /* SolutionPlaygroundUITests */,
				F46A272024F169E800484000 /* Products */,
			);
			sourceTree = "<group>";
		};
		F46A272024F169E800484000 /* Products */ = {
			isa = PBXGroup;
			children = (
				F46A271F24F169E800484000 /* SolutionPlayground.app */,
				F46A273724F169E900484000 /* SolutionPlaygroundTests.xctest */,
				F46A274224F169E900484000 /* SolutionPlaygroundUITests.xctest */,
			);
			name = Products;
			sourceTree = "<group>";
		};
		F46A272124F169E800484000 /* SolutionPlayground */ = {
			isa = PBXGroup;
			children = (
				F46A3ABF24F210B000484000 /* State */,
				F46A272224F169E800484000 /* AppDelegate.swift */,
				F46A272424F169E800484000 /* SceneDelegate.swift */,
				F46A272624F169E800484000 /* ViewController.swift */,
				F46A272824F169E800484000 /* Main.storyboard */,
				F46A272B24F169E800484000 /* ContentView.swift */,
				F46A272D24F169E800484000 /* Assets.xcassets */,
				F46A272F24F169E800484000 /* LaunchScreen.storyboard */,
				F46A273224F169E800484000 /* Info.plist */,
			);
			path = SolutionPlayground;
			sourceTree = "<group>";
		};
		F46A273A24F169E900484000 /* SolutionPlaygroundTests */ = {
			isa = PBXGroup;
			children = (
				F46A273B24F169E900484000 /* SolutionPlaygroundTests.swift */,
				F46A273D24F169E900484000 /* Info.plist */,
			);
			path = SolutionPlaygroundTests;
			sourceTree = "<group>";
		};
		F46A274524F169E900484000 /* SolutionPlaygroundUITests */ = {
			isa = PBXGroup;
			children = (
				F46A274624F169E900484000 /* SolutionPlaygroundUITests.swift */,
				F46A274824F169E900484000 /* Info.plist */,
			);
			path = SolutionPlaygroundUITests;
			sourceTree = "<group>";
		};
		F46A3ABF24F210B000484000 /* State */ = {
			isa = PBXGroup;
			children = (
				F46A3AC024F210C200484000 /* AppState.swift */,
				F46A3AC224F210F900484000 /* StateStore.swift */,
			);
			path = State;
			sourceTree = "<group>";
		};
/* End PBXGroup section */

/* Begin PBXNativeTarget section */
		F46A271E24F169E800484000 /* SolutionPlayground */ = {
			isa = PBXNativeTarget;
			buildConfigurationList = F46A274B24F169E900484000 /* Build configuration list for PBXNativeTarget "SolutionPlayground" */;
			buildPhases = (
				F46A271B24F169E800484000 /* Sources */,
				F46A271C24F169E800484000 /* Frameworks */,
				F46A271D24F169E800484000 /* Resources */,
			);
			buildRules = (
			);
			dependencies = (
			);
			name = SolutionPlayground;
			productName = SolutionPlayground;
			productReference = F46A271F24F169E800484000 /* SolutionPlayground.app */;
			productType = "com.apple.product-type.application";
		};
		F46A273624F169E900484000 /* SolutionPlaygroundTests */ = {
			isa = PBXNativeTarget;
			buildConfigurationList = F46A274E24F169E900484000 /* Build configuration list for PBXNativeTarget "SolutionPlaygroundTests" */;
			buildPhases = (
				F46A273324F169E900484000 /* Sources */,
				F46A273424F169E900484000 /* Frameworks */,
				F46A273524F169E900484000 /* Resources */,
			);
			buildRules = (
			);
			dependencies = (
				F46A273924F169E900484000 /* PBXTargetDependency */,
			);
			name = SolutionPlaygroundTests;
			productName = SolutionPlaygroundTests;
			productReference = F46A273724F169E900484000 /* SolutionPlaygroundTests.xctest */;
			productType = "com.apple.product-type.bundle.unit-test";
		};
		F46A274124F169E900484000 /* SolutionPlaygroundUITests */ = {
			isa = PBXNativeTarget;
			buildConfigurationList = F46A275124F169E900484000 /* Build configuration list for PBXNativeTarget "SolutionPlaygroundUITests" */;
			buildPhases = (
				F46A273E24F169E900484000 /* Sources */,
				F46A273F24F169E900484000 /* Frameworks */,
				F46A274024F169E900484000 /* Resources */,
			);
			buildRules = (
			);
			dependencies = (
				F46A274424F169E900484000 /* PBXTargetDependency */,
			);
			name = SolutionPlaygroundUITests;
			productName = SolutionPlaygroundUITests;
			productReference = F46A274224F169E900484000 /* SolutionPlaygroundUITests.xctest */;
			productType = "com.apple.product-type.bundle.ui-testing";
		};
/* End PBXNativeTarget section */

/* Begin PBXProject section */
		F46A271724F169E800484000 /* Project object */ = {
			isa = PBXProject;
			attributes = {
				LastSwiftUpdateCheck = 1200;
				LastUpgradeCheck = 1200;
				TargetAttributes = {
					F46A271E24F169E800484000 = {
						CreatedOnToolsVersion = 12.0;
					};
					F46A273624F169E900484000 = {
						CreatedOnToolsVersion = 12.0;
						TestTargetID = F46A271E24F169E800484000;
					};
					F46A274124F169E900484000 = {
						CreatedOnToolsVersion = 12.0;
						TestTargetID = F46A271E24F169E800484000;
					};
				};
			};
			buildConfigurationList = F46A271A24F169E800484000 /* Build configuration list for PBXProject "SolutionPlayground" */;
			compatibilityVersion = "Xcode 9.3";
			developmentRegion = en;
			hasScannedForEncodings = 0;
			knownRegions = (
				en,
				Base,
			);
			mainGroup = F46A271624F169E800484000;
			productRefGroup = F46A272024F169E800484000 /* Products */;
			projectDirPath = "";
			projectRoot = "";
			targets = (
				F46A271E24F169E800484000 /* SolutionPlayground */,
				F46A273624F169E900484000 /* SolutionPlaygroundTests */,
				F46A274124F169E900484000 /* SolutionPlaygroundUITests */,
			);
		};
/* End PBXProject section */

/* Begin PBXResourcesBuildPhase section */
		F46A271D24F169E800484000 /* Resources */ = {
			isa = PBXResourcesBuildPhase;
			buildActionMask = 2147483647;
			files = (
				F46A273124F169E800484000 /* LaunchScreen.storyboard in Resources */,
				F46A272E24F169E800484000 /* Assets.xcassets in Resources */,
				F46A272A24F169E800484000 /* Main.storyboard in Resources */,
			);
			runOnlyForDeploymentPostprocessing = 0;
		};
		F46A273524F169E900484000 /* Resources */ = {
			isa = PBXResourcesBuildPhase;
			buildActionMask = 2147483647;
			files = (
			);
			runOnlyForDeploymentPostprocessing = 0;
		};
		F46A274024F169E900484000 /* Resources */ = {
			isa = PBXResourcesBuildPhase;
			buildActionMask = 2147483647;
			files = (
			);
			runOnlyForDeploymentPostprocessing = 0;
		};
/* End PBXResourcesBuildPhase section */

/* Begin PBXSourcesBuildPhase section */
		F46A271B24F169E800484000 /* Sources */ = {
			isa = PBXSourcesBuildPhase;
			buildActionMask = 2147483647;
			files = (
				F46A272724F169E800484000 /* ViewController.swift in Sources */,
				F46A3AC124F210C200484000 /* AppState.swift in Sources */,
				F46A272324F169E800484000 /* AppDelegate.swift in Sources */,
				F46A272C24F169E800484000 /* ContentView.swift in Sources */,
				F46A272524F169E800484000 /* SceneDelegate.swift in Sources */,
				F46A3AC324F210F900484000 /* StateStore.swift in Sources */,
			);
			runOnlyForDeploymentPostprocessing = 0;
		};
		F46A273324F169E900484000 /* Sources */ = {
			isa = PBXSourcesBuildPhase;
			buildActionMask = 2147483647;
			files = (
				F46A273C24F169E900484000 /* SolutionPlaygroundTests.swift in Sources */,
			);
			runOnlyForDeploymentPostprocessing = 0;
		};
		F46A273E24F169E900484000 /* Sources */ = {
			isa = PBXSourcesBuildPhase;
			buildActionMask = 2147483647;
			files = (
				F46A274724F169E900484000 /* SolutionPlaygroundUITests.swift in Sources */,
			);
			runOnlyForDeploymentPostprocessing = 0;
		};
/* End PBXSourcesBuildPhase section */

/* Begin PBXTargetDependency section */
		F46A273924F169E900484000 /* PBXTargetDependency */ = {
			isa = PBXTargetDependency;
			target = F46A271E24F169E800484000 /* SolutionPlayground */;
			targetProxy = F46A273824F169E900484000 /* PBXContainerItemProxy */;
		};
		F46A274424F169E900484000 /* PBXTargetDependency */ = {
			isa = PBXTargetDependency;
			target = F46A271E24F169E800484000 /* SolutionPlayground */;
			targetProxy = F46A274324F169E900484000 /* PBXContainerItemProxy */;
		};
/* End PBXTargetDependency section */

/* Begin PBXVariantGroup section */
		F46A272824F169E800484000 /* Main.storyboard */ = {
			isa = PBXVariantGroup;
			children = (
				F46A272924F169E800484000 /* Base */,
			);
			name = Main.storyboard;
			sourceTree = "<group>";
		};
		F46A272F24F169E800484000 /* LaunchScreen.storyboard */ = {
			isa = PBXVariantGroup;
			children = (
				F46A273024F169E800484000 /* Base */,
			);
			name = LaunchScreen.storyboard;
			sourceTree = "<group>";
		};
/* End PBXVariantGroup section */

/* Begin XCBuildConfiguration section */
		F46A274924F169E900484000 /* Debug */ = {
			isa = XCBuildConfiguration;
			buildSettings = {
				ALWAYS_SEARCH_USER_PATHS = NO;
				CLANG_ANALYZER_NONNULL = YES;
				CLANG_ANALYZER_NUMBER_OBJECT_CONVERSION = YES_AGGRESSIVE;
				CLANG_CXX_LANGUAGE_STANDARD = "gnu++14";
				CLANG_CXX_LIBRARY = "libc++";
				CLANG_ENABLE_MODULES = YES;
				CLANG_ENABLE_OBJC_ARC = YES;
				CLANG_ENABLE_OBJC_WEAK = YES;
				CLANG_WARN_BLOCK_CAPTURE_AUTORELEASING = YES;
				CLANG_WARN_BOOL_CONVERSION = YES;
				CLANG_WARN_COMMA = YES;
				CLANG_WARN_CONSTANT_CONVERSION = YES;
				CLANG_WARN_DEPRECATED_OBJC_IMPLEMENTATIONS = YES;
				CLANG_WARN_DIRECT_OBJC_ISA_USAGE = YES_ERROR;
				CLANG_WARN_DOCUMENTATION_COMMENTS = YES;
				CLANG_WARN_EMPTY_BODY = YES;
				CLANG_WARN_ENUM_CONVERSION = YES;
				CLANG_WARN_INFINITE_RECURSION = YES;
				CLANG_WARN_INT_CONVERSION = YES;
				CLANG_WARN_NON_LITERAL_NULL_CONVERSION = YES;
				CLANG_WARN_OBJC_IMPLICIT_RETAIN_SELF = YES;
				CLANG_WARN_OBJC_LITERAL_CONVERSION = YES;
				CLANG_WARN_OBJC_ROOT_CLASS = YES_ERROR;
				CLANG_WARN_QUOTED_INCLUDE_IN_FRAMEWORK_HEADER = YES;
				CLANG_WARN_RANGE_LOOP_ANALYSIS = YES;
				CLANG_WARN_STRICT_PROTOTYPES = YES;
				CLANG_WARN_SUSPICIOUS_MOVE = YES;
				CLANG_WARN_UNGUARDED_AVAILABILITY = YES_AGGRESSIVE;
				CLANG_WARN_UNREACHABLE_CODE = YES;
				CLANG_WARN__DUPLICATE_METHOD_MATCH = YES;
				COPY_PHASE_STRIP = NO;
				DEBUG_INFORMATION_FORMAT = dwarf;
				ENABLE_STRICT_OBJC_MSGSEND = YES;
				ENABLE_TESTABILITY = YES;
				GCC_C_LANGUAGE_STANDARD = gnu11;
				GCC_DYNAMIC_NO_PIC = NO;
				GCC_NO_COMMON_BLOCKS = YES;
				GCC_OPTIMIZATION_LEVEL = 0;
				GCC_PREPROCESSOR_DEFINITIONS = (
					"DEBUG=1",
					"$(inherited)",
				);
				GCC_WARN_64_TO_32_BIT_CONVERSION = YES;
				GCC_WARN_ABOUT_RETURN_TYPE = YES_ERROR;
				GCC_WARN_UNDECLARED_SELECTOR = YES;
				GCC_WARN_UNINITIALIZED_AUTOS = YES_AGGRESSIVE;
				GCC_WARN_UNUSED_FUNCTION = YES;
				GCC_WARN_UNUSED_VARIABLE = YES;
				IPHONEOS_DEPLOYMENT_TARGET = 14.0;
				MTL_ENABLE_DEBUG_INFO = INCLUDE_SOURCE;
				MTL_FAST_MATH = YES;
				ONLY_ACTIVE_ARCH = YES;
				SDKROOT = iphoneos;
				SWIFT_ACTIVE_COMPILATION_CONDITIONS = DEBUG;
				SWIFT_OPTIMIZATION_LEVEL = "-Onone";
			};
			name = Debug;
		};
		F46A274A24F169E900484000 /* Release */ = {
			isa = XCBuildConfiguration;
			buildSettings = {
				ALWAYS_SEARCH_USER_PATHS = NO;
				CLANG_ANALYZER_NONNULL = YES;
				CLANG_ANALYZER_NUMBER_OBJECT_CONVERSION = YES_AGGRESSIVE;
				CLANG_CXX_LANGUAGE_STANDARD = "gnu++14";
				CLANG_CXX_LIBRARY = "libc++";
				CLANG_ENABLE_MODULES = YES;
				CLANG_ENABLE_OBJC_ARC = YES;
				CLANG_ENABLE_OBJC_WEAK = YES;
				CLANG_WARN_BLOCK_CAPTURE_AUTORELEASING = YES;
				CLANG_WARN_BOOL_CONVERSION = YES;
				CLANG_WARN_COMMA = YES;
				CLANG_WARN_CONSTANT_CONVERSION = YES;
				CLANG_WARN_DEPRECATED_OBJC_IMPLEMENTATIONS = YES;
				CLANG_WARN_DIRECT_OBJC_ISA_USAGE = YES_ERROR;
				CLANG_WARN_DOCUMENTATION_COMMENTS = YES;
				CLANG_WARN_EMPTY_BODY = YES;
				CLANG_WARN_ENUM_CONVERSION = YES;
				CLANG_WARN_INFINITE_RECURSION = YES;
				CLANG_WARN_INT_CONVERSION = YES;
				CLANG_WARN_NON_LITERAL_NULL_CONVERSION = YES;
				CLANG_WARN_OBJC_IMPLICIT_RETAIN_SELF = YES;
				CLANG_WARN_OBJC_LITERAL_CONVERSION = YES;
				CLANG_WARN_OBJC_ROOT_CLASS = YES_ERROR;
				CLANG_WARN_QUOTED_INCLUDE_IN_FRAMEWORK_HEADER = YES;
				CLANG_WARN_RANGE_LOOP_ANALYSIS = YES;
				CLANG_WARN_STRICT_PROTOTYPES = YES;
				CLANG_WARN_SUSPICIOUS_MOVE = YES;
				CLANG_WARN_UNGUARDED_AVAILABILITY = YES_AGGRESSIVE;
				CLANG_WARN_UNREACHABLE_CODE = YES;
				CLANG_WARN__DUPLICATE_METHOD_MATCH = YES;
				COPY_PHASE_STRIP = NO;
				DEBUG_INFORMATION_FORMAT = "dwarf-with-dsym";
				ENABLE_NS_ASSERTIONS = NO;
				ENABLE_STRICT_OBJC_MSGSEND = YES;
				GCC_C_LANGUAGE_STANDARD = gnu11;
				GCC_NO_COMMON_BLOCKS = YES;
				GCC_WARN_64_TO_32_BIT_CONVERSION = YES;
				GCC_WARN_ABOUT_RETURN_TYPE = YES_ERROR;
				GCC_WARN_UNDECLARED_SELECTOR = YES;
				GCC_WARN_UNINITIALIZED_AUTOS = YES_AGGRESSIVE;
				GCC_WARN_UNUSED_FUNCTION = YES;
				GCC_WARN_UNUSED_VARIABLE = YES;
				IPHONEOS_DEPLOYMENT_TARGET = 14.0;
				MTL_ENABLE_DEBUG_INFO = NO;
				MTL_FAST_MATH = YES;
				SDKROOT = iphoneos;
				SWIFT_COMPILATION_MODE = wholemodule;
				SWIFT_OPTIMIZATION_LEVEL = "-O";
				VALIDATE_PRODUCT = YES;
			};
			name = Release;
		};
		F46A274C24F169E900484000 /* Debug */ = {
			isa = XCBuildConfiguration;
			buildSettings = {
				ASSETCATALOG_COMPILER_APPICON_NAME = AppIcon;
				ASSETCATALOG_COMPILER_GLOBAL_ACCENT_COLOR_NAME = AccentColor;
				CODE_SIGN_STYLE = Automatic;
				DEVELOPMENT_TEAM = M42CUUMFKC;
				INFOPLIST_FILE = SolutionPlayground/Info.plist;
				LD_RUNPATH_SEARCH_PATHS = (
					"$(inherited)",
					"@executable_path/Frameworks",
				);
				PRODUCT_BUNDLE_IDENTIFIER = com.dzpub.sample.SolutionPlayground;
				PRODUCT_NAME = "$(TARGET_NAME)";
				SWIFT_VERSION = 5.0;
				TARGETED_DEVICE_FAMILY = "1,2";
			};
			name = Debug;
		};
		F46A274D24F169E900484000 /* Release */ = {
			isa = XCBuildConfiguration;
			buildSettings = {
				ASSETCATALOG_COMPILER_APPICON_NAME = AppIcon;
				ASSETCATALOG_COMPILER_GLOBAL_ACCENT_COLOR_NAME = AccentColor;
				CODE_SIGN_STYLE = Automatic;
				DEVELOPMENT_TEAM = M42CUUMFKC;
				INFOPLIST_FILE = SolutionPlayground/Info.plist;
				LD_RUNPATH_SEARCH_PATHS = (
					"$(inherited)",
					"@executable_path/Frameworks",
				);
				PRODUCT_BUNDLE_IDENTIFIER = com.dzpub.sample.SolutionPlayground;
				PRODUCT_NAME = "$(TARGET_NAME)";
				SWIFT_VERSION = 5.0;
				TARGETED_DEVICE_FAMILY = "1,2";
			};
			name = Release;
		};
		F46A274F24F169E900484000 /* Debug */ = {
			isa = XCBuildConfiguration;
			buildSettings = {
				ALWAYS_EMBED_SWIFT_STANDARD_LIBRARIES = YES;
				BUNDLE_LOADER = "$(TEST_HOST)";
				CODE_SIGN_STYLE = Automatic;
				DEVELOPMENT_TEAM = M42CUUMFKC;
				INFOPLIST_FILE = SolutionPlaygroundTests/Info.plist;
				IPHONEOS_DEPLOYMENT_TARGET = 14.0;
				LD_RUNPATH_SEARCH_PATHS = (
					"$(inherited)",
					"@executable_path/Frameworks",
					"@loader_path/Frameworks",
				);
				PRODUCT_BUNDLE_IDENTIFIER = com.dzpub.sample.SolutionPlaygroundTests;
				PRODUCT_NAME = "$(TARGET_NAME)";
				SWIFT_VERSION = 5.0;
				TARGETED_DEVICE_FAMILY = "1,2";
				TEST_HOST = "$(BUILT_PRODUCTS_DIR)/SolutionPlayground.app/SolutionPlayground";
			};
			name = Debug;
		};
		F46A275024F169E900484000 /* Release */ = {
			isa = XCBuildConfiguration;
			buildSettings = {
				ALWAYS_EMBED_SWIFT_STANDARD_LIBRARIES = YES;
				BUNDLE_LOADER = "$(TEST_HOST)";
				CODE_SIGN_STYLE = Automatic;
				DEVELOPMENT_TEAM = M42CUUMFKC;
				INFOPLIST_FILE = SolutionPlaygroundTests/Info.plist;
				IPHONEOS_DEPLOYMENT_TARGET = 14.0;
				LD_RUNPATH_SEARCH_PATHS = (
					"$(inherited)",
					"@executable_path/Frameworks",
					"@loader_path/Frameworks",
				);
				PRODUCT_BUNDLE_IDENTIFIER = com.dzpub.sample.SolutionPlaygroundTests;
				PRODUCT_NAME = "$(TARGET_NAME)";
				SWIFT_VERSION = 5.0;
				TARGETED_DEVICE_FAMILY = "1,2";
				TEST_HOST = "$(BUILT_PRODUCTS_DIR)/SolutionPlayground.app/SolutionPlayground";
			};
			name = Release;
		};
		F46A275224F169E900484000 /* Debug */ = {
			isa = XCBuildConfiguration;
			buildSettings = {
				ALWAYS_EMBED_SWIFT_STANDARD_LIBRARIES = YES;
				CODE_SIGN_STYLE = Automatic;
				DEVELOPMENT_TEAM = M42CUUMFKC;
				INFOPLIST_FILE = SolutionPlaygroundUITests/Info.plist;
				LD_RUNPATH_SEARCH_PATHS = (
					"$(inherited)",
					"@executable_path/Frameworks",
					"@loader_path/Frameworks",
				);
				PRODUCT_BUNDLE_IDENTIFIER = com.dzpub.sample.SolutionPlaygroundUITests;
				PRODUCT_NAME = "$(TARGET_NAME)";
				SWIFT_VERSION = 5.0;
				TARGETED_DEVICE_FAMILY = "1,2";
				TEST_TARGET_NAME = SolutionPlayground;
			};
			name = Debug;
		};
		F46A275324F169E900484000 /* Release */ = {
			isa = XCBuildConfiguration;
			buildSettings = {
				ALWAYS_EMBED_SWIFT_STANDARD_LIBRARIES = YES;
				CODE_SIGN_STYLE = Automatic;
				DEVELOPMENT_TEAM = M42CUUMFKC;
				INFOPLIST_FILE = SolutionPlaygroundUITests/Info.plist;
				LD_RUNPATH_SEARCH_PATHS = (
					"$(inherited)",
					"@executable_path/Frameworks",
					"@loader_path/Frameworks",
				);
				PRODUCT_BUNDLE_IDENTIFIER = com.dzpub.sample.SolutionPlaygroundUITests;
				PRODUCT_NAME = "$(TARGET_NAME)";
				SWIFT_VERSION = 5.0;
				TARGETED_DEVICE_FAMILY = "1,2";
				TEST_TARGET_NAME = SolutionPlayground;
			};
			name = Release;
		};
/* End XCBuildConfiguration section */

/* Begin XCConfigurationList section */
		F46A271A24F169E800484000 /* Build configuration list for PBXProject "SolutionPlayground" */ = {
			isa = XCConfigurationList;
			buildConfigurations = (
				F46A274924F169E900484000 /* Debug */,
				F46A274A24F169E900484000 /* Release */,
			);
			defaultConfigurationIsVisible = 0;
			defaultConfigurationName = Release;
		};
		F46A274B24F169E900484000 /* Build configuration list for PBXNativeTarget "SolutionPlayground" */ = {
			isa = XCConfigurationList;
			buildConfigurations = (
				F46A274C24F169E900484000 /* Debug */,
				F46A274D24F169E900484000 /* Release */,
			);
			defaultConfigurationIsVisible = 0;
			defaultConfigurationName = Release;
		};
		F46A274E24F169E900484000 /* Build configuration list for PBXNativeTarget "SolutionPlaygroundTests" */ = {
			isa = XCConfigurationList;
			buildConfigurations = (
				F46A274F24F169E900484000 /* Debug */,
				F46A275024F169E900484000 /* Release */,
			);
			defaultConfigurationIsVisible = 0;
			defaultConfigurationName = Release;
		};
		F46A275124F169E900484000 /* Build configuration list for PBXNativeTarget "SolutionPlaygroundUITests" */ = {
			isa = XCConfigurationList;
			buildConfigurations = (
				F46A275224F169E900484000 /* Debug */,
				F46A275324F169E900484000 /* Release */,
			);
			defaultConfigurationIsVisible = 0;
			defaultConfigurationName = Release;
		};
/* End XCConfigurationList section */
	};
	rootObject = F46A271724F169E800484000 /* Project object */;
}
